// !$*UTF8*$!
{
	archiveVersion = 1;
	classes = {
	};
	objectVersion = 46;
	objects = {

/* Begin PBXBuildFile section */
		3F4B65AF1E6D42060046E1C4 /* main.m in Sources */ = {isa = PBXBuildFile; fileRef = 3F4B65AE1E6D42060046E1C4 /* main.m */; };
		3F4B65B21E6D42060046E1C4 /* AppDelegate.m in Sources */ = {isa = PBXBuildFile; fileRef = 3F4B65B11E6D42060046E1C4 /* AppDelegate.m */; };
		3F4B65B51E6D42060046E1C4 /* ViewController.m in Sources */ = {isa = PBXBuildFile; fileRef = 3F4B65B41E6D42060046E1C4 /* ViewController.m */; };
		3F4B65B81E6D42060046E1C4 /* Main.storyboard in Resources */ = {isa = PBXBuildFile; fileRef = 3F4B65B61E6D42060046E1C4 /* Main.storyboard */; };
		3F4B65BA1E6D42060046E1C4 /* Assets.xcassets in Resources */ = {isa = PBXBuildFile; fileRef = 3F4B65B91E6D42060046E1C4 /* Assets.xcassets */; };
		3F4B65BD1E6D42060046E1C4 /* LaunchScreen.storyboard in Resources */ = {isa = PBXBuildFile; fileRef = 3F4B65BB1E6D42060046E1C4 /* LaunchScreen.storyboard */; };
		3F4B65C81E6D42070046E1C4 /* UIBlurEffectTests.m in Sources */ = {isa = PBXBuildFile; fileRef = 3F4B65C71E6D42070046E1C4 /* UIBlurEffectTests.m */; };
		3F4B65D31E6D42070046E1C4 /* UIBlurEffectUITests.m in Sources */ = {isa = PBXBuildFile; fileRef = 3F4B65D21E6D42070046E1C4 /* UIBlurEffectUITests.m */; };
/* End PBXBuildFile section */

/* Begin PBXContainerItemProxy section */
		3F4B65C41E6D42070046E1C4 /* PBXContainerItemProxy */ = {
			isa = PBXContainerItemProxy;
			containerPortal = 3F4B65A21E6D42060046E1C4 /* Project object */;
			proxyType = 1;
			remoteGlobalIDString = 3F4B65A91E6D42060046E1C4;
			remoteInfo = UIBlurEffect;
		};
		3F4B65CF1E6D42070046E1C4 /* PBXContainerItemProxy */ = {
			isa = PBXContainerItemProxy;
			containerPortal = 3F4B65A21E6D42060046E1C4 /* Project object */;
			proxyType = 1;
			remoteGlobalIDString = 3F4B65A91E6D42060046E1C4;
			remoteInfo = UIBlurEffect;
		};
/* End PBXContainerItemProxy section */

/* Begin PBXFileReference section */
		3F4B65AA1E6D42060046E1C4 /* UIBlurEffect.app */ = {isa = PBXFileReference; explicitFileType = wrapper.application; includeInIndex = 0; path = UIBlurEffect.app; sourceTree = BUILT_PRODUCTS_DIR; };
		3F4B65AE1E6D42060046E1C4 /* main.m */ = {isa = PBXFileReference; lastKnownFileType = sourcecode.c.objc; path = main.m; sourceTree = "<group>"; };
		3F4B65B01E6D42060046E1C4 /* AppDelegate.h */ = {isa = PBXFileReference; lastKnownFileType = sourcecode.c.h; path = AppDelegate.h; sourceTree = "<group>"; };
		3F4B65B11E6D42060046E1C4 /* AppDelegate.m */ = {isa = PBXFileReference; lastKnownFileType = sourcecode.c.objc; path = AppDelegate.m; sourceTree = "<group>"; };
		3F4B65B31E6D42060046E1C4 /* ViewController.h */ = {isa = PBXFileReference; lastKnownFileType = sourcecode.c.h; path = ViewController.h; sourceTree = "<group>"; };
		3F4B65B41E6D42060046E1C4 /* ViewController.m */ = {isa = PBXFileReference; lastKnownFileType = sourcecode.c.objc; path = ViewController.m; sourceTree = "<group>"; };
		3F4B65B71E6D42060046E1C4 /* Base */ = {isa = PBXFileReference; lastKnownFileType = file.storyboard; name = Base; path = Base.lproj/Main.storyboard; sourceTree = "<group>"; };
		3F4B65B91E6D42060046E1C4 /* Assets.xcassets */ = {isa = PBXFileReference; lastKnownFileType = folder.assetcatalog; path = Assets.xcassets; sourceTree = "<group>"; };
		3F4B65BC1E6D42060046E1C4 /* Base */ = {isa = PBXFileReference; lastKnownFileType = file.storyboard; name = Base; path = Base.lproj/LaunchScreen.storyboard; sourceTree = "<group>"; };
		3F4B65BE1E6D42060046E1C4 /* Info.plist */ = {isa = PBXFileReference; lastKnownFileType = text.plist.xml; path = Info.plist; sourceTree = "<group>"; };
		3F4B65C31E6D42070046E1C4 /* UIBlurEffectTests.xctest */ = {isa = PBXFileReference; explicitFileType = wrapper.cfbundle; includeInIndex = 0; path = UIBlurEffectTests.xctest; sourceTree = BUILT_PRODUCTS_DIR; };
		3F4B65C71E6D42070046E1C4 /* UIBlurEffectTests.m */ = {isa = PBXFileReference; lastKnownFileType = sourcecode.c.objc; path = UIBlurEffectTests.m; sourceTree = "<group>"; };
		3F4B65C91E6D42070046E1C4 /* Info.plist */ = {isa = PBXFileReference; lastKnownFileType = text.plist.xml; path = Info.plist; sourceTree = "<group>"; };
		3F4B65CE1E6D42070046E1C4 /* UIBlurEffectUITests.xctest */ = {isa = PBXFileReference; explicitFileType = wrapper.cfbundle; includeInIndex = 0; path = UIBlurEffectUITests.xctest; sourceTree = BUILT_PRODUCTS_DIR; };
		3F4B65D21E6D42070046E1C4 /* UIBlurEffectUITests.m */ = {isa = PBXFileReference; lastKnownFileType = sourcecode.c.objc; path = UIBlurEffectUITests.m; sourceTree = "<group>"; };
		3F4B65D41E6D42070046E1C4 /* Info.plist */ = {isa = PBXFileReference; lastKnownFileType = text.plist.xml; path = Info.plist; sourceTree = "<group>"; };
/* End PBXFileReference section */

/* Begin PBXFrameworksBuildPhase section */
		3F4B65A71E6D42060046E1C4 /* Frameworks */ = {
			isa = PBXFrameworksBuildPhase;
			buildActionMask = 2147483647;
			files = (
			);
			runOnlyForDeploymentPostprocessing = 0;
		};
		3F4B65C01E6D42070046E1C4 /* Frameworks */ = {
			isa = PBXFrameworksBuildPhase;
			buildActionMask = 2147483647;
			files = (
			);
			runOnlyForDeploymentPostprocessing = 0;
		};
		3F4B65CB1E6D42070046E1C4 /* Frameworks */ = {
			isa = PBXFrameworksBuildPhase;
			buildActionMask = 2147483647;
			files = (
			);
			runOnlyForDeploymentPostprocessing = 0;
		};
/* End PBXFrameworksBuildPhase section */

/* Begin PBXGroup section */
		3F4B65A11E6D42060046E1C4 = {
			isa = PBXGroup;
			children = (
				3F4B65AC1E6D42060046E1C4 /* UIBlurEffect */,
				3F4B65C61E6D42070046E1C4 /* UIBlurEffectTests */,
				3F4B65D11E6D42070046E1C4 /* UIBlurEffectUITests */,
				3F4B65AB1E6D42060046E1C4 /* Products */,
			);
			sourceTree = "<group>";
		};
		3F4B65AB1E6D42060046E1C4 /* Products */ = {
			isa = PBXGroup;
			children = (
				3F4B65AA1E6D42060046E1C4 /* UIBlurEffect.app */,
				3F4B65C31E6D42070046E1C4 /* UIBlurEffectTests.xctest */,
				3F4B65CE1E6D42070046E1C4 /* UIBlurEffectUITests.xctest */,
			);
			name = Products;
			sourceTree = "<group>";
		};
		3F4B65AC1E6D42060046E1C4 /* UIBlurEffect */ = {
			isa = PBXGroup;
			children = (
				3F4B65B01E6D42060046E1C4 /* AppDelegate.h */,
				3F4B65B11E6D42060046E1C4 /* AppDelegate.m */,
				3F4B65B31E6D42060046E1C4 /* ViewController.h */,
				3F4B65B41E6D42060046E1C4 /* ViewController.m */,
				3F4B65B61E6D42060046E1C4 /* Main.storyboard */,
				3F4B65B91E6D42060046E1C4 /* Assets.xcassets */,
				3F4B65BB1E6D42060046E1C4 /* LaunchScreen.storyboard */,
				3F4B65BE1E6D42060046E1C4 /* Info.plist */,
				3F4B65AD1E6D42060046E1C4 /* Supporting Files */,
			);
			path = UIBlurEffect;
			sourceTree = "<group>";
		};
		3F4B65AD1E6D42060046E1C4 /* Supporting Files */ = {
			isa = PBXGroup;
			children = (
				3F4B65AE1E6D42060046E1C4 /* main.m */,
			);
			name = "Supporting Files";
			sourceTree = "<group>";
		};
		3F4B65C61E6D42070046E1C4 /* UIBlurEffectTests */ = {
			isa = PBXGroup;
			children = (
				3F4B65C71E6D42070046E1C4 /* UIBlurEffectTests.m */,
				3F4B65C91E6D42070046E1C4 /* Info.plist */,
			);
			path = UIBlurEffectTests;
			sourceTree = "<group>";
		};
		3F4B65D11E6D42070046E1C4 /* UIBlurEffectUITests */ = {
			isa = PBXGroup;
			children = (
				3F4B65D21E6D42070046E1C4 /* UIBlurEffectUITests.m */,
				3F4B65D41E6D42070046E1C4 /* Info.plist */,
			);
			path = UIBlurEffectUITests;
			sourceTree = "<group>";
		};
/* End PBXGroup section */

/* Begin PBXNativeTarget section */
		3F4B65A91E6D42060046E1C4 /* UIBlurEffect */ = {
			isa = PBXNativeTarget;
			buildConfigurationList = 3F4B65D71E6D42070046E1C4 /* Build configuration list for PBXNativeTarget "UIBlurEffect" */;
			buildPhases = (
				3F4B65A61E6D42060046E1C4 /* Sources */,
				3F4B65A71E6D42060046E1C4 /* Frameworks */,
				3F4B65A81E6D42060046E1C4 /* Resources */,
			);
			buildRules = (
			);
			dependencies = (
			);
			name = UIBlurEffect;
			productName = UIBlurEffect;
			productReference = 3F4B65AA1E6D42060046E1C4 /* UIBlurEffect.app */;
			productType = "com.apple.product-type.application";
		};
		3F4B65C21E6D42070046E1C4 /* UIBlurEffectTests */ = {
			isa = PBXNativeTarget;
			buildConfigurationList = 3F4B65DA1E6D42070046E1C4 /* Build configuration list for PBXNativeTarget "UIBlurEffectTests" */;
			buildPhases = (
				3F4B65BF1E6D42070046E1C4 /* Sources */,
				3F4B65C01E6D42070046E1C4 /* Frameworks */,
				3F4B65C11E6D42070046E1C4 /* Resources */,
			);
			buildRules = (
			);
			dependencies = (
				3F4B65C51E6D42070046E1C4 /* PBXTargetDependency */,
			);
			name = UIBlurEffectTests;
			productName = UIBlurEffectTests;
			productReference = 3F4B65C31E6D42070046E1C4 /* UIBlurEffectTests.xctest */;
			productType = "com.apple.product-type.bundle.unit-test";
		};
		3F4B65CD1E6D42070046E1C4 /* UIBlurEffectUITests */ = {
			isa = PBXNativeTarget;
			buildConfigurationList = 3F4B65DD1E6D42070046E1C4 /* Build configuration list for PBXNativeTarget "UIBlurEffectUITests" */;
			buildPhases = (
				3F4B65CA1E6D42070046E1C4 /* Sources */,
				3F4B65CB1E6D42070046E1C4 /* Frameworks */,
				3F4B65CC1E6D42070046E1C4 /* Resources */,
			);
			buildRules = (
			);
			dependencies = (
				3F4B65D01E6D42070046E1C4 /* PBXTargetDependency */,
			);
			name = UIBlurEffectUITests;
			productName = UIBlurEffectUITests;
			productReference = 3F4B65CE1E6D42070046E1C4 /* UIBlurEffectUITests.xctest */;
			productType = "com.apple.product-type.bundle.ui-testing";
		};
/* End PBXNativeTarget section */

/* Begin PBXProject section */
		3F4B65A21E6D42060046E1C4 /* Project object */ = {
			isa = PBXProject;
			attributes = {
				LastUpgradeCheck = 0800;
				ORGANIZATIONNAME = JIng;
				TargetAttributes = {
					3F4B65A91E6D42060046E1C4 = {
						CreatedOnToolsVersion = 8.0;
						DevelopmentTeam = JNF43K7TM3;
						ProvisioningStyle = Automatic;
					};
					3F4B65C21E6D42070046E1C4 = {
						CreatedOnToolsVersion = 8.0;
						DevelopmentTeam = JNF43K7TM3;
						ProvisioningStyle = Automatic;
						TestTargetID = 3F4B65A91E6D42060046E1C4;
					};
					3F4B65CD1E6D42070046E1C4 = {
						CreatedOnToolsVersion = 8.0;
						DevelopmentTeam = JNF43K7TM3;
						ProvisioningStyle = Automatic;
						TestTargetID = 3F4B65A91E6D42060046E1C4;
					};
				};
			};
			buildConfigurationList = 3F4B65A51E6D42060046E1C4 /* Build configuration list for PBXProject "UIBlurEffect" */;
			compatibilityVersion = "Xcode 3.2";
			developmentRegion = English;
			hasScannedForEncodings = 0;
			knownRegions = (
				en,
				Base,
			);
			mainGroup = 3F4B65A11E6D42060046E1C4;
			productRefGroup = 3F4B65AB1E6D42060046E1C4 /* Products */;
			projectDirPath = "";
			projectRoot = "";
			targets = (
				3F4B65A91E6D42060046E1C4 /* UIBlurEffect */,
				3F4B65C21E6D42070046E1C4 /* UIBlurEffectTests */,
				3F4B65CD1E6D42070046E1C4 /* UIBlurEffectUITests */,
			);
		};
/* End PBXProject section */

/* Begin PBXResourcesBuildPhase section */
		3F4B65A81E6D42060046E1C4 /* Resources */ = {
			isa = PBXResourcesBuildPhase;
			buildActionMask = 2147483647;
			files = (
				3F4B65BD1E6D42060046E1C4 /* LaunchScreen.storyboard in Resources */,
				3F4B65BA1E6D42060046E1C4 /* Assets.xcassets in Resources */,
				3F4B65B81E6D42060046E1C4 /* Main.storyboard in Resources */,
			);
			runOnlyForDeploymentPostprocessing = 0;
		};
		3F4B65C11E6D42070046E1C4 /* Resources */ = {
			isa = PBXResourcesBuildPhase;
			buildActionMask = 2147483647;
			files = (
			);
			runOnlyForDeploymentPostprocessing = 0;
		};
		3F4B65CC1E6D42070046E1C4 /* Resources */ = {
			isa = PBXResourcesBuildPhase;
			buildActionMask = 2147483647;
			files = (
			);
			runOnlyForDeploymentPostprocessing = 0;
		};
/* End PBXResourcesBuildPhase section */

/* Begin PBXSourcesBuildPhase section */
		3F4B65A61E6D42060046E1C4 /* Sources */ = {
			isa = PBXSourcesBuildPhase;
			buildActionMask = 2147483647;
			files = (
				3F4B65B51E6D42060046E1C4 /* ViewController.m in Sources */,
				3F4B65B21E6D42060046E1C4 /* AppDelegate.m in Sources */,
				3F4B65AF1E6D42060046E1C4 /* main.m in Sources */,
			);
			runOnlyForDeploymentPostprocessing = 0;
		};
		3F4B65BF1E6D42070046E1C4 /* Sources */ = {
			isa = PBXSourcesBuildPhase;
			buildActionMask = 2147483647;
			files = (
				3F4B65C81E6D42070046E1C4 /* UIBlurEffectTests.m in Sources */,
			);
			runOnlyForDeploymentPostprocessing = 0;
		};
		3F4B65CA1E6D42070046E1C4 /* Sources */ = {
			isa = PBXSourcesBuildPhase;
			buildActionMask = 2147483647;
			files = (
				3F4B65D31E6D42070046E1C4 /* UIBlurEffectUITests.m in Sources */,
			);
			runOnlyForDeploymentPostprocessing = 0;
		};
/* End PBXSourcesBuildPhase section */

/* Begin PBXTargetDependency section */
		3F4B65C51E6D42070046E1C4 /* PBXTargetDependency */ = {
			isa = PBXTargetDependency;
			target = 3F4B65A91E6D42060046E1C4 /* UIBlurEffect */;
			targetProxy = 3F4B65C41E6D42070046E1C4 /* PBXContainerItemProxy */;
		};
		3F4B65D01E6D42070046E1C4 /* PBXTargetDependency */ = {
			isa = PBXTargetDependency;
			target = 3F4B65A91E6D42060046E1C4 /* UIBlurEffect */;
			targetProxy = 3F4B65CF1E6D42070046E1C4 /* PBXContainerItemProxy */;
		};
/* End PBXTargetDependency section */

/* Begin PBXVariantGroup section */
		3F4B65B61E6D42060046E1C4 /* Main.storyboard */ = {
			isa = PBXVariantGroup;
			children = (
				3F4B65B71E6D42060046E1C4 /* Base */,
			);
			name = Main.storyboard;
			sourceTree = "<group>";
		};
		3F4B65BB1E6D42060046E1C4 /* LaunchScreen.storyboard */ = {
			isa = PBXVariantGroup;
			children = (
				3F4B65BC1E6D42060046E1C4 /* Base */,
			);
			name = LaunchScreen.storyboard;
			sourceTree = "<group>";
		};
/* End PBXVariantGroup section */

/* Begin XCBuildConfiguration section */
		3F4B65D51E6D42070046E1C4 /* Debug */ = {
			isa = XCBuildConfiguration;
			buildSettings = {
				ALWAYS_SEARCH_USER_PATHS = NO;
				CLANG_ANALYZER_NONNULL = YES;
				CLANG_CXX_LANGUAGE_STANDARD = "gnu++0x";
				CLANG_CXX_LIBRARY = "libc++";
				CLANG_ENABLE_MODULES = YES;
				CLANG_ENABLE_OBJC_ARC = YES;
				CLANG_WARN_BOOL_CONVERSION = YES;
				CLANG_WARN_CONSTANT_CONVERSION = YES;
				CLANG_WARN_DIRECT_OBJC_ISA_USAGE = YES_ERROR;
				CLANG_WARN_DOCUMENTATION_COMMENTS = YES;
				CLANG_WARN_EMPTY_BODY = YES;
				CLANG_WARN_ENUM_CONVERSION = YES;
				CLANG_WARN_INFINITE_RECURSION = YES;
				CLANG_WARN_INT_CONVERSION = YES;
				CLANG_WARN_OBJC_ROOT_CLASS = YES_ERROR;
				CLANG_WARN_SUSPICIOUS_MOVES = YES;
				CLANG_WARN_UNREACHABLE_CODE = YES;
				CLANG_WARN__DUPLICATE_METHOD_MATCH = YES;
				"CODE_SIGN_IDENTITY[sdk=iphoneos*]" = "iPhone Developer";
				COPY_PHASE_STRIP = NO;
				DEBUG_INFORMATION_FORMAT = dwarf;
				ENABLE_STRICT_OBJC_MSGSEND = YES;
				ENABLE_TESTABILITY = YES;
				GCC_C_LANGUAGE_STANDARD = gnu99;
				GCC_DYNAMIC_NO_PIC = NO;
				GCC_NO_COMMON_BLOCKS = YES;
				GCC_OPTIMIZATION_LEVEL = 0;
				GCC_PREPROCESSOR_DEFINITIONS = (
					"DEBUG=1",
					"$(inherited)",
				);
				GCC_WARN_64_TO_32_BIT_CONVERSION = YES;
				GCC_WARN_ABOUT_RETURN_TYPE = YES_ERROR;
				GCC_WARN_UNDECLARED_SELECTOR = YES;
				GCC_WARN_UNINITIALIZED_AUTOS = YES_AGGRESSIVE;
				GCC_WARN_UNUSED_FUNCTION = YES;
				GCC_WARN_UNUSED_VARIABLE = YES;
				IPHONEOS_DEPLOYMENT_TARGET = 10.0;
				MTL_ENABLE_DEBUG_INFO = YES;
				ONLY_ACTIVE_ARCH = YES;
				SDKROOT = iphoneos;
				TARGETED_DEVICE_FAMILY = "1,2";
			};
			name = Debug;
		};
		3F4B65D61E6D42070046E1C4 /* Release */ = {
			isa = XCBuildConfiguration;
			buildSettings = {
				ALWAYS_SEARCH_USER_PATHS = NO;
				CLANG_ANALYZER_NONNULL = YES;
				CLANG_CXX_LANGUAGE_STANDARD = "gnu++0x";
				CLANG_CXX_LIBRARY = "libc++";
				CLANG_ENABLE_MODULES = YES;
				CLANG_ENABLE_OBJC_ARC = YES;
				CLANG_WARN_BOOL_CONVERSION = YES;
				CLANG_WARN_CONSTANT_CONVERSION = YES;
				CLANG_WARN_DIRECT_OBJC_ISA_USAGE = YES_ERROR;
				CLANG_WARN_DOCUMENTATION_COMMENTS = YES;
				CLANG_WARN_EMPTY_BODY = YES;
				CLANG_WARN_ENUM_CONVERSION = YES;
				CLANG_WARN_INFINITE_RECURSION = YES;
				CLANG_WARN_INT_CONVERSION = YES;
				CLANG_WARN_OBJC_ROOT_CLASS = YES_ERROR;
				CLANG_WARN_SUSPICIOUS_MOVES = YES;
				CLANG_WARN_UNREACHABLE_CODE = YES;
				CLANG_WARN__DUPLICATE_METHOD_MATCH = YES;
				"CODE_SIGN_IDENTITY[sdk=iphoneos*]" = "iPhone Developer";
				COPY_PHASE_STRIP = NO;
				DEBUG_INFORMATION_FORMAT = "dwarf-with-dsym";
				ENABLE_NS_ASSERTIONS = NO;
				ENABLE_STRICT_OBJC_MSGSEND = YES;
				GCC_C_LANGUAGE_STANDARD = gnu99;
				GCC_NO_COMMON_BLOCKS = YES;
				GCC_WARN_64_TO_32_BIT_CONVERSION = YES;
				GCC_WARN_ABOUT_RETURN_TYPE = YES_ERROR;
				GCC_WARN_UNDECLARED_SELECTOR = YES;
				GCC_WARN_UNINITIALIZED_AUTOS = YES_AGGRESSIVE;
				GCC_WARN_UNUSED_FUNCTION = YES;
				GCC_WARN_UNUSED_VARIABLE = YES;
				IPHONEOS_DEPLOYMENT_TARGET = 10.0;
				MTL_ENABLE_DEBUG_INFO = NO;
				SDKROOT = iphoneos;
				TARGETED_DEVICE_FAMILY = "1,2";
				VALIDATE_PRODUCT = YES;
			};
			name = Release;
		};
		3F4B65D81E6D42070046E1C4 /* Debug */ = {
			isa = XCBuildConfiguration;
			buildSettings = {
				ASSETCATALOG_COMPILER_APPICON_NAME = AppIcon;
				DEVELOPMENT_TEAM = JNF43K7TM3;
				INFOPLIST_FILE = UIBlurEffect/Info.plist;
				LD_RUNPATH_SEARCH_PATHS = "$(inherited) @executable_path/Frameworks";
				PRODUCT_BUNDLE_IDENTIFIER = com.kuihuazi.Laoluo.UIBlurEffect;
				PRODUCT_NAME = "$(TARGET_NAME)";
			};
			name = Debug;
		};
		3F4B65D91E6D42070046E1C4 /* Release */ = {
			isa = XCBuildConfiguration;
			buildSettings = {
				ASSETCATALOG_COMPILER_APPICON_NAME = AppIcon;
				DEVELOPMENT_TEAM = JNF43K7TM3;
				INFOPLIST_FILE = UIBlurEffect/Info.plist;
				LD_RUNPATH_SEARCH_PATHS = "$(inherited) @executable_path/Frameworks";
				PRODUCT_BUNDLE_IDENTIFIER = com.kuihuazi.Laoluo.UIBlurEffect;
				PRODUCT_NAME = "$(TARGET_NAME)";
			};
			name = Release;
		};
		3F4B65DB1E6D42070046E1C4 /* Debug */ = {
			isa = XCBuildConfiguration;
			buildSettings = {
				BUNDLE_LOADER = "$(TEST_HOST)";
				DEVELOPMENT_TEAM = JNF43K7TM3;
				INFOPLIST_FILE = UIBlurEffectTests/Info.plist;
				LD_RUNPATH_SEARCH_PATHS = "$(inherited) @executable_path/Frameworks @loader_path/Frameworks";
				PRODUCT_BUNDLE_IDENTIFIER = com.kuihuazi.Laoluo.UIBlurEffectTests;
				PRODUCT_NAME = "$(TARGET_NAME)";
				TEST_HOST = "$(BUILT_PRODUCTS_DIR)/UIBlurEffect.app/UIBlurEffect";
			};
			name = Debug;
		};
		3F4B65DC1E6D42070046E1C4 /* Release */ = {
			isa = XCBuildConfiguration;
			buildSettings = {
				BUNDLE_LOADER = "$(TEST_HOST)";
				DEVELOPMENT_TEAM = JNF43K7TM3;
				INFOPLIST_FILE = UIBlurEffectTests/Info.plist;
				LD_RUNPATH_SEARCH_PATHS = "$(inherited) @executable_path/Frameworks @loader_path/Frameworks";
				PRODUCT_BUNDLE_IDENTIFIER = com.kuihuazi.Laoluo.UIBlurEffectTests;
				PRODUCT_NAME = "$(TARGET_NAME)";
				TEST_HOST = "$(BUILT_PRODUCTS_DIR)/UIBlurEffect.app/UIBlurEffect";
			};
			name = Release;
		};
		3F4B65DE1E6D42070046E1C4 /* Debug */ = {
			isa = XCBuildConfiguration;
			buildSettings = {
				DEVELOPMENT_TEAM = JNF43K7TM3;
				INFOPLIST_FILE = UIBlurEffectUITests/Info.plist;
				LD_RUNPATH_SEARCH_PATHS = "$(inherited) @executable_path/Frameworks @loader_path/Frameworks";
				PRODUCT_BUNDLE_IDENTIFIER = com.kuihuazi.Laoluo.UIBlurEffectUITests;
				PRODUCT_NAME = "$(TARGET_NAME)";
				TEST_TARGET_NAME = UIBlurEffect;
			};
			name = Debug;
		};
		3F4B65DF1E6D42070046E1C4 /* Release */ = {
			isa = XCBuildConfiguration;
			buildSettings = {
				DEVELOPMENT_TEAM = JNF43K7TM3;
				INFOPLIST_FILE = UIBlurEffectUITests/Info.plist;
				LD_RUNPATH_SEARCH_PATHS = "$(inherited) @executable_path/Frameworks @loader_path/Frameworks";
				PRODUCT_BUNDLE_IDENTIFIER = com.kuihuazi.Laoluo.UIBlurEffectUITests;
				PRODUCT_NAME = "$(TARGET_NAME)";
				TEST_TARGET_NAME = UIBlurEffect;
			};
			name = Release;
		};
/* End XCBuildConfiguration section */

/* Begin XCConfigurationList section */
		3F4B65A51E6D42060046E1C4 /* Build configuration list for PBXProject "UIBlurEffect" */ = {
			isa = XCConfigurationList;
			buildConfigurations = (
				3F4B65D51E6D42070046E1C4 /* Debug */,
				3F4B65D61E6D42070046E1C4 /* Release */,
			);
			defaultConfigurationIsVisible = 0;
			defaultConfigurationName = Release;
		};
		3F4B65D71E6D42070046E1C4 /* Build configuration list for PBXNativeTarget "UIBlurEffect" */ = {
			isa = XCConfigurationList;
			buildConfigurations = (
				3F4B65D81E6D42070046E1C4 /* Debug */,
				3F4B65D91E6D42070046E1C4 /* Release */,
			);
			defaultConfigurationIsVisible = 0;
		};
		3F4B65DA1E6D42070046E1C4 /* Build configuration list for PBXNativeTarget "UIBlurEffectTests" */ = {
			isa = XCConfigurationList;
			buildConfigurations = (
				3F4B65DB1E6D42070046E1C4 /* Debug */,
				3F4B65DC1E6D42070046E1C4 /* Release */,
			);
			defaultConfigurationIsVisible = 0;
		};
		3F4B65DD1E6D42070046E1C4 /* Build configuration list for PBXNativeTarget "UIBlurEffectUITests" */ = {
			isa = XCConfigurationList;
			buildConfigurations = (
				3F4B65DE1E6D42070046E1C4 /* Debug */,
				3F4B65DF1E6D42070046E1C4 /* Release */,
			);
			defaultConfigurationIsVisible = 0;
		};
/* End XCConfigurationList section */
	};
	rootObject = 3F4B65A21E6D42060046E1C4 /* Project object */;
}
